// !$*UTF8*$!
{
	archiveVersion = 1;
	classes = {
	};
	objectVersion = 77;
	objects = {

/* Begin PBXBuildFile section */
		820679A52DB6192600B8DEF6 /* Trade.swift in Sources */ = {isa = PBXBuildFile; fileRef = 820679A42DB6192600B8DEF6 /* Trade.swift */; };
		820679A72DB6193C00B8DEF6 /* BetModel.swift in Sources */ = {isa = PBXBuildFile; fileRef = 820679A62DB6193C00B8DEF6 /* BetModel.swift */; };
		820679B92DB65D2F00B8DEF6 /* DiceSceneView.swift in Sources */ = {isa = PBXBuildFile; fileRef = 820679B82DB65D2F00B8DEF6 /* DiceSceneView.swift */; };
		820679BE2DB6878E00B8DEF6 /* wone.wav in Resources */ = {isa = PBXBuildFile; fileRef = 820679BD2DB6878E00B8DEF6 /* wone.wav */; };
		820679BF2DB6878E00B8DEF6 /* loose.wav in Resources */ = {isa = PBXBuildFile; fileRef = 820679BA2DB6878E00B8DEF6 /* loose.wav */; };
		820679C02DB6878E00B8DEF6 /* menu.wav in Resources */ = {isa = PBXBuildFile; fileRef = 820679BB2DB6878E00B8DEF6 /* menu.wav */; };
		820679C32DB687E400B8DEF6 /* money.m4a in Resources */ = {isa = PBXBuildFile; fileRef = 820679C22DB687E400B8DEF6 /* money.m4a */; };
		820679C62DB68BD300B8DEF6 /* menuPlay.m4a in Resources */ = {isa = PBXBuildFile; fileRef = 820679C42DB68BD300B8DEF6 /* menuPlay.m4a */; };
		820679C72DB68BD300B8DEF6 /* menuRegular.m4a in Resources */ = {isa = PBXBuildFile; fileRef = 820679C52DB68BD300B8DEF6 /* menuRegular.m4a */; };
		82126EB92DAADA360081983A /* Assets.xcassets in Resources */ = {isa = PBXBuildFile; fileRef = 82126EB52DAADA360081983A /* Assets.xcassets */; };
		82126EBA2DAADA360081983A /* Codable+Decodable.swift in Sources */ = {isa = PBXBuildFile; fileRef = 82126EA02DAADA360081983A /* Codable+Decodable.swift */; };
		82126EBB2DAADA360081983A /* String.swift in Sources */ = {isa = PBXBuildFile; fileRef = 82126EA12DAADA360081983A /* String.swift */; };
		82126EBC2DAADA360081983A /* ButtonData.swift in Sources */ = {isa = PBXBuildFile; fileRef = 82126EA32DAADA360081983A /* ButtonData.swift */; };
		82126EBD2DAADA360081983A /* MessageContent.swift in Sources */ = {isa = PBXBuildFile; fileRef = 82126EA42DAADA360081983A /* MessageContent.swift */; };
		82126EBE2DAADA360081983A /* Step.swift in Sources */ = {isa = PBXBuildFile; fileRef = 82126EA52DAADA360081983A /* Step.swift */; };
		82126EBF2DAADA360081983A /* DataBase.swift in Sources */ = {isa = PBXBuildFile; fileRef = 82126EA72DAADA360081983A /* DataBase.swift */; };
		82126EC02DAADA360081983A /* PropertyListView.swift in Sources */ = {isa = PBXBuildFile; fileRef = 82126EA92DAADA360081983A /* PropertyListView.swift */; };
		82126EC12DAADA360081983A /* PropertyView.swift in Sources */ = {isa = PBXBuildFile; fileRef = 82126EAA2DAADA360081983A /* PropertyView.swift */; };
		82126EC22DAADA360081983A /* GameView.swift in Sources */ = {isa = PBXBuildFile; fileRef = 82126EAC2DAADA360081983A /* GameView.swift */; };
		82126EC32DAADA360081983A /* BuyPopupContentView.swift in Sources */ = {isa = PBXBuildFile; fileRef = 82126EAE2DAADA360081983A /* BuyPopupContentView.swift */; };
		82126EC42DAADA360081983A /* PopupView.swift in Sources */ = {isa = PBXBuildFile; fileRef = 82126EAF2DAADA360081983A /* PopupView.swift */; };
		82126EC52DAADA360081983A /* TradePopupContentView.swift in Sources */ = {isa = PBXBuildFile; fileRef = 82126EB02DAADA360081983A /* TradePopupContentView.swift */; };
		82126EC62DAADA360081983A /* GameViewModel.swift in Sources */ = {isa = PBXBuildFile; fileRef = 82126EB32DAADA360081983A /* GameViewModel.swift */; };
		82126EC72DAADA360081983A /* MonopolyGameApp.swift in Sources */ = {isa = PBXBuildFile; fileRef = 82126EB72DAADA360081983A /* MonopolyGameApp.swift */; };
		82126EC92DAADA630081983A /* BoardPopoverView.swift in Sources */ = {isa = PBXBuildFile; fileRef = 82126EC82DAADA630081983A /* BoardPopoverView.swift */; };
		82126ECB2DAB3C790081983A /* ImageView.swift in Sources */ = {isa = PBXBuildFile; fileRef = 82126ECA2DAB3C790081983A /* ImageView.swift */; };
		82126ECF2DAB47A60081983A /* HomeView.swift in Sources */ = {isa = PBXBuildFile; fileRef = 82126ECE2DAB47A60081983A /* HomeView.swift */; };
		82126ED12DAB78550081983A /* NetworkModel.swift in Sources */ = {isa = PBXBuildFile; fileRef = 82126ED02DAB78550081983A /* NetworkModel.swift */; };
		82126ED32DAB78690081983A /* NetworkResponse.swift in Sources */ = {isa = PBXBuildFile; fileRef = 82126ED22DAB78690081983A /* NetworkResponse.swift */; };
		82126EF72DABF5CB0081983A /* HomeViewModel.swift in Sources */ = {isa = PBXBuildFile; fileRef = 82126EF62DABF5CB0081983A /* HomeViewModel.swift */; };
		82126EF92DABF8710081983A /* TopNavigationView.swift in Sources */ = {isa = PBXBuildFile; fileRef = 82126EF82DABF8710081983A /* TopNavigationView.swift */; };
		82126EFC2DABF88F0081983A /* GameSettingsView.swift in Sources */ = {isa = PBXBuildFile; fileRef = 82126EFB2DABF88F0081983A /* GameSettingsView.swift */; };
		82126EFE2DABF8C60081983A /* AboutView.swift in Sources */ = {isa = PBXBuildFile; fileRef = 82126EFD2DABF8C60081983A /* AboutView.swift */; };
		82126F0E2DAC3FCB0081983A /* ClearBackgroundView.swift in Sources */ = {isa = PBXBuildFile; fileRef = 82126F0D2DAC3FCB0081983A /* ClearBackgroundView.swift */; };
		82126F112DAC48BC0081983A /* MenuView.swift in Sources */ = {isa = PBXBuildFile; fileRef = 82126F102DAC48BC0081983A /* MenuView.swift */; };
		82126F132DAC492D0081983A /* SoundSettingsView.swift in Sources */ = {isa = PBXBuildFile; fileRef = 82126F122DAC492D0081983A /* SoundSettingsView.swift */; };
		82126F152DAC5B060081983A /* LeaderboardView.swift in Sources */ = {isa = PBXBuildFile; fileRef = 82126F142DAC5B060081983A /* LeaderboardView.swift */; };
		82126F172DACC1F80081983A /* ProfileView.swift in Sources */ = {isa = PBXBuildFile; fileRef = 82126F162DACC1F80081983A /* ProfileView.swift */; };
		82126F272DACC35F0081983A /* PhotoLibraryView.swift in Sources */ = {isa = PBXBuildFile; fileRef = 82126F262DACC35F0081983A /* PhotoLibraryView.swift */; };
		82126F292DACD5EE0081983A /* FileManagerModel.swift in Sources */ = {isa = PBXBuildFile; fileRef = 82126F282DACD5EE0081983A /* FileManagerModel.swift */; };
		82126F2B2DACD7FA0081983A /* UIImage.swift in Sources */ = {isa = PBXBuildFile; fileRef = 82126F2A2DACD7FA0081983A /* UIImage.swift */; };
		82126F2D2DACDBBC0081983A /* Keys.swift in Sources */ = {isa = PBXBuildFile; fileRef = 82126F2C2DACDBBC0081983A /* Keys.swift */; };
		8228620C2DB50DFB005BB71D /* BoardCard.swift in Sources */ = {isa = PBXBuildFile; fileRef = 8228620B2DB50DFB005BB71D /* BoardCard.swift */; };
		825AE44A2DB19A460075B26B /* PlayerStepModel.swift in Sources */ = {isa = PBXBuildFile; fileRef = 825AE4492DB19A460075B26B /* PlayerStepModel.swift */; };
		825AE44D2DB381E30075B26B /* AudioPlayerManager.swift in Sources */ = {isa = PBXBuildFile; fileRef = 825AE44C2DB381E20075B26B /* AudioPlayerManager.swift */; };
		825AE4532DB3A0890075B26B /* background2.mp3 in Resources */ = {isa = PBXBuildFile; fileRef = 825AE44F2DB3A0890075B26B /* background2.mp3 */; };
		825AE4542DB3A0890075B26B /* background1.mp3 in Resources */ = {isa = PBXBuildFile; fileRef = 825AE44E2DB3A0890075B26B /* background1.mp3 */; };
		825AE4552DB3A0890075B26B /* background5.mp3 in Resources */ = {isa = PBXBuildFile; fileRef = 825AE4522DB3A0890075B26B /* background5.mp3 */; };
		825AE4562DB3A0890075B26B /* background3.mp3 in Resources */ = {isa = PBXBuildFile; fileRef = 825AE4502DB3A0890075B26B /* background3.mp3 */; };
		825AE4572DB3A0890075B26B /* background4.mp3 in Resources */ = {isa = PBXBuildFile; fileRef = 825AE4512DB3A0890075B26B /* background4.mp3 */; };
		82A7F86E2DB8CEA000048BD7 /* PrivacyPolicyView.swift in Sources */ = {isa = PBXBuildFile; fileRef = 82A7F86D2DB8CEA000048BD7 /* PrivacyPolicyView.swift */; };
		82A7F8702DB8CEB900048BD7 /* UpdateView.swift in Sources */ = {isa = PBXBuildFile; fileRef = 82A7F86F2DB8CEB900048BD7 /* UpdateView.swift */; };
		82A7F8742DB8DC6300048BD7 /* SupportView.swift in Sources */ = {isa = PBXBuildFile; fileRef = 82A7F8732DB8DC6300048BD7 /* SupportView.swift */; };
		82C51E2C2DAD6B7000EC71F4 /* StorekitModel.swift in Sources */ = {isa = PBXBuildFile; fileRef = 82C51E2B2DAD6B7000EC71F4 /* StorekitModel.swift */; };
		82C51E2E2DAD6C7400EC71F4 /* ShareView.swift in Sources */ = {isa = PBXBuildFile; fileRef = 82C51E2D2DAD6C7400EC71F4 /* ShareView.swift */; };
		82C51E302DAD7C1700EC71F4 /* GameCenterModel.swift in Sources */ = {isa = PBXBuildFile; fileRef = 82C51E2F2DAD7C1700EC71F4 /* GameCenterModel.swift */; };
		82C51E322DAD803C00EC71F4 /* BlurView.swift in Sources */ = {isa = PBXBuildFile; fileRef = 82C51E312DAD803C00EC71F4 /* BlurView.swift */; };
		82C51E622DAF885100EC71F4 /* SuccessNode.swift in Sources */ = {isa = PBXBuildFile; fileRef = 82C51E5D2DAF885100EC71F4 /* SuccessNode.swift */; };
		82C51E632DAF885100EC71F4 /* SuccessSKScene.swift in Sources */ = {isa = PBXBuildFile; fileRef = 82C51E602DAF885100EC71F4 /* SuccessSKScene.swift */; };
		82C51E642DAF885100EC71F4 /* SuccessSKScene.sks in Resources */ = {isa = PBXBuildFile; fileRef = 82C51E5F2DAF885100EC71F4 /* SuccessSKScene.sks */; };
/* End PBXBuildFile section */

/* Begin PBXFileReference section */
		820679A42DB6192600B8DEF6 /* Trade.swift */ = {isa = PBXFileReference; lastKnownFileType = sourcecode.swift; path = Trade.swift; sourceTree = "<group>"; };
		820679A62DB6193C00B8DEF6 /* BetModel.swift */ = {isa = PBXFileReference; lastKnownFileType = sourcecode.swift; path = BetModel.swift; sourceTree = "<group>"; };
		820679B82DB65D2F00B8DEF6 /* DiceSceneView.swift */ = {isa = PBXFileReference; lastKnownFileType = sourcecode.swift; path = DiceSceneView.swift; sourceTree = "<group>"; };
		820679BA2DB6878E00B8DEF6 /* loose.wav */ = {isa = PBXFileReference; lastKnownFileType = audio.wav; path = loose.wav; sourceTree = "<group>"; };
		820679BB2DB6878E00B8DEF6 /* menu.wav */ = {isa = PBXFileReference; lastKnownFileType = audio.wav; path = menu.wav; sourceTree = "<group>"; };
		820679BD2DB6878E00B8DEF6 /* wone.wav */ = {isa = PBXFileReference; lastKnownFileType = audio.wav; path = wone.wav; sourceTree = "<group>"; };
		820679C22DB687E400B8DEF6 /* money.m4a */ = {isa = PBXFileReference; lastKnownFileType = file; path = money.m4a; sourceTree = "<group>"; };
		820679C42DB68BD300B8DEF6 /* menuPlay.m4a */ = {isa = PBXFileReference; lastKnownFileType = file; path = menuPlay.m4a; sourceTree = "<group>"; };
		820679C52DB68BD300B8DEF6 /* menuRegular.m4a */ = {isa = PBXFileReference; lastKnownFileType = file; path = menuRegular.m4a; sourceTree = "<group>"; };
		82126EA02DAADA360081983A /* Codable+Decodable.swift */ = {isa = PBXFileReference; lastKnownFileType = sourcecode.swift; path = "Codable+Decodable.swift"; sourceTree = "<group>"; };
		82126EA12DAADA360081983A /* String.swift */ = {isa = PBXFileReference; lastKnownFileType = sourcecode.swift; path = String.swift; sourceTree = "<group>"; };
		82126EA32DAADA360081983A /* ButtonData.swift */ = {isa = PBXFileReference; lastKnownFileType = sourcecode.swift; path = ButtonData.swift; sourceTree = "<group>"; };
		82126EA42DAADA360081983A /* MessageContent.swift */ = {isa = PBXFileReference; lastKnownFileType = sourcecode.swift; path = MessageContent.swift; sourceTree = "<group>"; };
		82126EA52DAADA360081983A /* Step.swift */ = {isa = PBXFileReference; lastKnownFileType = sourcecode.swift; path = Step.swift; sourceTree = "<group>"; };
		82126EA72DAADA360081983A /* DataBase.swift */ = {isa = PBXFileReference; lastKnownFileType = sourcecode.swift; path = DataBase.swift; sourceTree = "<group>"; };
		82126EA92DAADA360081983A /* PropertyListView.swift */ = {isa = PBXFileReference; lastKnownFileType = sourcecode.swift; path = PropertyListView.swift; sourceTree = "<group>"; };
		82126EAA2DAADA360081983A /* PropertyView.swift */ = {isa = PBXFileReference; lastKnownFileType = sourcecode.swift; path = PropertyView.swift; sourceTree = "<group>"; };
		82126EAC2DAADA360081983A /* GameView.swift */ = {isa = PBXFileReference; lastKnownFileType = sourcecode.swift; path = GameView.swift; sourceTree = "<group>"; };
		82126EAE2DAADA360081983A /* BuyPopupContentView.swift */ = {isa = PBXFileReference; lastKnownFileType = sourcecode.swift; path = BuyPopupContentView.swift; sourceTree = "<group>"; };
		82126EAF2DAADA360081983A /* PopupView.swift */ = {isa = PBXFileReference; lastKnownFileType = sourcecode.swift; path = PopupView.swift; sourceTree = "<group>"; };
		82126EB02DAADA360081983A /* TradePopupContentView.swift */ = {isa = PBXFileReference; lastKnownFileType = sourcecode.swift; path = TradePopupContentView.swift; sourceTree = "<group>"; };
		82126EB32DAADA360081983A /* GameViewModel.swift */ = {isa = PBXFileReference; lastKnownFileType = sourcecode.swift; path = GameViewModel.swift; sourceTree = "<group>"; };
		82126EB52DAADA360081983A /* Assets.xcassets */ = {isa = PBXFileReference; lastKnownFileType = folder.assetcatalog; path = Assets.xcassets; sourceTree = "<group>"; };
		82126EB62DAADA360081983A /* MonopolyGame.entitlements */ = {isa = PBXFileReference; lastKnownFileType = text.plist.entitlements; path = MonopolyGame.entitlements; sourceTree = "<group>"; };
		82126EB72DAADA360081983A /* MonopolyGameApp.swift */ = {isa = PBXFileReference; lastKnownFileType = sourcecode.swift; path = MonopolyGameApp.swift; sourceTree = "<group>"; };
		82126EC82DAADA630081983A /* BoardPopoverView.swift */ = {isa = PBXFileReference; lastKnownFileType = sourcecode.swift; path = BoardPopoverView.swift; sourceTree = "<group>"; };
		82126ECA2DAB3C790081983A /* ImageView.swift */ = {isa = PBXFileReference; lastKnownFileType = sourcecode.swift; path = ImageView.swift; sourceTree = "<group>"; };
		82126ECE2DAB47A60081983A /* HomeView.swift */ = {isa = PBXFileReference; lastKnownFileType = sourcecode.swift; path = HomeView.swift; sourceTree = "<group>"; };
		82126ED02DAB78550081983A /* NetworkModel.swift */ = {isa = PBXFileReference; lastKnownFileType = sourcecode.swift; path = NetworkModel.swift; sourceTree = "<group>"; };
		82126ED22DAB78690081983A /* NetworkResponse.swift */ = {isa = PBXFileReference; lastKnownFileType = sourcecode.swift; path = NetworkResponse.swift; sourceTree = "<group>"; };
		82126EF62DABF5CB0081983A /* HomeViewModel.swift */ = {isa = PBXFileReference; lastKnownFileType = sourcecode.swift; path = HomeViewModel.swift; sourceTree = "<group>"; };
		82126EF82DABF8710081983A /* TopNavigationView.swift */ = {isa = PBXFileReference; lastKnownFileType = sourcecode.swift; path = TopNavigationView.swift; sourceTree = "<group>"; };
		82126EFB2DABF88F0081983A /* GameSettingsView.swift */ = {isa = PBXFileReference; lastKnownFileType = sourcecode.swift; path = GameSettingsView.swift; sourceTree = "<group>"; };
		82126EFD2DABF8C60081983A /* AboutView.swift */ = {isa = PBXFileReference; lastKnownFileType = sourcecode.swift; path = AboutView.swift; sourceTree = "<group>"; };
		82126F0D2DAC3FCB0081983A /* ClearBackgroundView.swift */ = {isa = PBXFileReference; lastKnownFileType = sourcecode.swift; path = ClearBackgroundView.swift; sourceTree = "<group>"; };
		82126F102DAC48BC0081983A /* MenuView.swift */ = {isa = PBXFileReference; lastKnownFileType = sourcecode.swift; path = MenuView.swift; sourceTree = "<group>"; };
		82126F122DAC492D0081983A /* SoundSettingsView.swift */ = {isa = PBXFileReference; lastKnownFileType = sourcecode.swift; path = SoundSettingsView.swift; sourceTree = "<group>"; };
		82126F142DAC5B060081983A /* LeaderboardView.swift */ = {isa = PBXFileReference; lastKnownFileType = sourcecode.swift; path = LeaderboardView.swift; sourceTree = "<group>"; };
		82126F162DACC1F80081983A /* ProfileView.swift */ = {isa = PBXFileReference; lastKnownFileType = sourcecode.swift; path = ProfileView.swift; sourceTree = "<group>"; };
		82126F262DACC35F0081983A /* PhotoLibraryView.swift */ = {isa = PBXFileReference; lastKnownFileType = sourcecode.swift; path = PhotoLibraryView.swift; sourceTree = "<group>"; };
		82126F282DACD5EE0081983A /* FileManagerModel.swift */ = {isa = PBXFileReference; lastKnownFileType = sourcecode.swift; path = FileManagerModel.swift; sourceTree = "<group>"; };
		82126F2A2DACD7FA0081983A /* UIImage.swift */ = {isa = PBXFileReference; lastKnownFileType = sourcecode.swift; path = UIImage.swift; sourceTree = "<group>"; };
		82126F2C2DACDBBC0081983A /* Keys.swift */ = {isa = PBXFileReference; lastKnownFileType = sourcecode.swift; path = Keys.swift; sourceTree = "<group>"; };
		8228620B2DB50DFB005BB71D /* BoardCard.swift */ = {isa = PBXFileReference; lastKnownFileType = sourcecode.swift; path = BoardCard.swift; sourceTree = "<group>"; };
		825AE4492DB19A460075B26B /* PlayerStepModel.swift */ = {isa = PBXFileReference; lastKnownFileType = sourcecode.swift; path = PlayerStepModel.swift; sourceTree = "<group>"; };
		825AE44C2DB381E20075B26B /* AudioPlayerManager.swift */ = {isa = PBXFileReference; lastKnownFileType = sourcecode.swift; path = AudioPlayerManager.swift; sourceTree = "<group>"; };
		825AE44E2DB3A0890075B26B /* background1.mp3 */ = {isa = PBXFileReference; lastKnownFileType = audio.mp3; path = background1.mp3; sourceTree = "<group>"; };
		825AE44F2DB3A0890075B26B /* background2.mp3 */ = {isa = PBXFileReference; lastKnownFileType = audio.mp3; path = background2.mp3; sourceTree = "<group>"; };
		825AE4502DB3A0890075B26B /* background3.mp3 */ = {isa = PBXFileReference; lastKnownFileType = audio.mp3; path = background3.mp3; sourceTree = "<group>"; };
		825AE4512DB3A0890075B26B /* background4.mp3 */ = {isa = PBXFileReference; lastKnownFileType = audio.mp3; path = background4.mp3; sourceTree = "<group>"; };
		825AE4522DB3A0890075B26B /* background5.mp3 */ = {isa = PBXFileReference; lastKnownFileType = audio.mp3; path = background5.mp3; sourceTree = "<group>"; };
		82A7F86D2DB8CEA000048BD7 /* PrivacyPolicyView.swift */ = {isa = PBXFileReference; lastKnownFileType = sourcecode.swift; path = PrivacyPolicyView.swift; sourceTree = "<group>"; };
		82A7F86F2DB8CEB900048BD7 /* UpdateView.swift */ = {isa = PBXFileReference; lastKnownFileType = sourcecode.swift; path = UpdateView.swift; sourceTree = "<group>"; };
		82A7F8732DB8DC6300048BD7 /* SupportView.swift */ = {isa = PBXFileReference; lastKnownFileType = sourcecode.swift; path = SupportView.swift; sourceTree = "<group>"; };
		82C290092D9EEDD100E6EC40 /* MonopolyGame.app */ = {isa = PBXFileReference; explicitFileType = wrapper.application; includeInIndex = 0; path = MonopolyGame.app; sourceTree = BUILT_PRODUCTS_DIR; };
		82C51E2B2DAD6B7000EC71F4 /* StorekitModel.swift */ = {isa = PBXFileReference; lastKnownFileType = sourcecode.swift; path = StorekitModel.swift; sourceTree = "<group>"; };
		82C51E2D2DAD6C7400EC71F4 /* ShareView.swift */ = {isa = PBXFileReference; lastKnownFileType = sourcecode.swift; path = ShareView.swift; sourceTree = "<group>"; };
		82C51E2F2DAD7C1700EC71F4 /* GameCenterModel.swift */ = {isa = PBXFileReference; lastKnownFileType = sourcecode.swift; path = GameCenterModel.swift; sourceTree = "<group>"; };
		82C51E312DAD803C00EC71F4 /* BlurView.swift */ = {isa = PBXFileReference; lastKnownFileType = sourcecode.swift; path = BlurView.swift; sourceTree = "<group>"; };
		82C51E5D2DAF885100EC71F4 /* SuccessNode.swift */ = {isa = PBXFileReference; lastKnownFileType = sourcecode.swift; path = SuccessNode.swift; sourceTree = "<group>"; };
		82C51E5F2DAF885100EC71F4 /* SuccessSKScene.sks */ = {isa = PBXFileReference; lastKnownFileType = file.sks; path = SuccessSKScene.sks; sourceTree = "<group>"; };
		82C51E602DAF885100EC71F4 /* SuccessSKScene.swift */ = {isa = PBXFileReference; lastKnownFileType = sourcecode.swift; path = SuccessSKScene.swift; sourceTree = "<group>"; };
/* End PBXFileReference section */

/* Begin PBXFrameworksBuildPhase section */
		82C290062D9EEDD100E6EC40 /* Frameworks */ = {
			isa = PBXFrameworksBuildPhase;
			buildActionMask = 2147483647;
			files = (
			);
			runOnlyForDeploymentPostprocessing = 0;
		};
/* End PBXFrameworksBuildPhase section */

/* Begin PBXGroup section */
		820679A32DB6190A00B8DEF6 /* GameViewModel */ = {
			isa = PBXGroup;
			children = (
				82126EB32DAADA360081983A /* GameViewModel.swift */,
				820679A42DB6192600B8DEF6 /* Trade.swift */,
				820679A62DB6193C00B8DEF6 /* BetModel.swift */,
			);
			path = GameViewModel;
			sourceTree = "<group>";
		};
		82126EA22DAADA360081983A /* Extension */ = {
			isa = PBXGroup;
			children = (
				82126EA02DAADA360081983A /* Codable+Decodable.swift */,
				82126F2A2DACD7FA0081983A /* UIImage.swift */,
				82126EA12DAADA360081983A /* String.swift */,
			);
			path = Extension;
			sourceTree = "<group>";
		};
		82126EA62DAADA360081983A /* DataModel */ = {
			isa = PBXGroup;
			children = (
				825AE44B2DB19A5B0075B26B /* Base */,
				82126EA52DAADA360081983A /* Step.swift */,
				825AE4492DB19A460075B26B /* PlayerStepModel.swift */,
				8228620B2DB50DFB005BB71D /* BoardCard.swift */,
				82126ED22DAB78690081983A /* NetworkResponse.swift */,
			);
			path = DataModel;
			sourceTree = "<group>";
		};
		82126EA82DAADA360081983A /* Model */ = {
			isa = PBXGroup;
			children = (
				82126EA62DAADA360081983A /* DataModel */,
				82C51E2A2DAD6B5F00EC71F4 /* Service */,
			);
			path = Model;
			sourceTree = "<group>";
		};
		82126EAB2DAADA360081983A /* ComponentView */ = {
			isa = PBXGroup;
			children = (
				82C51E612DAF885100EC71F4 /* SuccessSKScene */,
				82126EA92DAADA360081983A /* PropertyListView.swift */,
				82126F262DACC35F0081983A /* PhotoLibraryView.swift */,
				820679B82DB65D2F00B8DEF6 /* DiceSceneView.swift */,
				82126F0F2DAC3FED0081983A /* BaseView */,
				82126EAA2DAADA360081983A /* PropertyView.swift */,
			);
			path = ComponentView;
			sourceTree = "<group>";
		};
		82126EAD2DAADA360081983A /* GameView */ = {
			isa = PBXGroup;
			children = (
				82126EAC2DAADA360081983A /* GameView.swift */,
				82126EC82DAADA630081983A /* BoardPopoverView.swift */,
			);
			path = GameView;
			sourceTree = "<group>";
		};
		82126EB12DAADA360081983A /* PopupView */ = {
			isa = PBXGroup;
			children = (
				82126EAE2DAADA360081983A /* BuyPopupContentView.swift */,
				82126EAF2DAADA360081983A /* PopupView.swift */,
				82126EB02DAADA360081983A /* TradePopupContentView.swift */,
			);
			path = PopupView;
			sourceTree = "<group>";
		};
		82126EB22DAADA360081983A /* View */ = {
			isa = PBXGroup;
			children = (
				82126ECE2DAB47A60081983A /* HomeView.swift */,
				82126EAD2DAADA360081983A /* GameView */,
				82126EFA2DABF87A0081983A /* TopNavigationView */,
				82126EAB2DAADA360081983A /* ComponentView */,
				82126EB12DAADA360081983A /* PopupView */,
			);
			path = View;
			sourceTree = "<group>";
		};
		82126EB42DAADA360081983A /* ViewModel */ = {
			isa = PBXGroup;
			children = (
				820679A32DB6190A00B8DEF6 /* GameViewModel */,
				82126EF62DABF5CB0081983A /* HomeViewModel.swift */,
			);
			path = ViewModel;
			sourceTree = "<group>";
		};
		82126EB82DAADA360081983A /* MonopolyGame */ = {
			isa = PBXGroup;
			children = (
				82126EA82DAADA360081983A /* Model */,
				82126EB22DAADA360081983A /* View */,
				82126EB42DAADA360081983A /* ViewModel */,
				82126EB52DAADA360081983A /* Assets.xcassets */,
				82126F2C2DACDBBC0081983A /* Keys.swift */,
				825AE4592DB3A0960075B26B /* Mics */,
				82126EA22DAADA360081983A /* Extension */,
				82126EB62DAADA360081983A /* MonopolyGame.entitlements */,
				82126EB72DAADA360081983A /* MonopolyGameApp.swift */,
			);
			path = MonopolyGame;
			sourceTree = "<group>";
		};
		82126EFA2DABF87A0081983A /* TopNavigationView */ = {
			isa = PBXGroup;
			children = (
				82126EF82DABF8710081983A /* TopNavigationView.swift */,
				82A7F86D2DB8CEA000048BD7 /* PrivacyPolicyView.swift */,
				82126F102DAC48BC0081983A /* MenuView.swift */,
				82A7F8732DB8DC6300048BD7 /* SupportView.swift */,
				82126F162DACC1F80081983A /* ProfileView.swift */,
				82126F142DAC5B060081983A /* LeaderboardView.swift */,
				82126F122DAC492D0081983A /* SoundSettingsView.swift */,
				82126EFB2DABF88F0081983A /* GameSettingsView.swift */,
				82126EFD2DABF8C60081983A /* AboutView.swift */,
			);
			path = TopNavigationView;
			sourceTree = "<group>";
		};
		82126F0F2DAC3FED0081983A /* BaseView */ = {
			isa = PBXGroup;
			children = (
				82126ECA2DAB3C790081983A /* ImageView.swift */,
				82C51E312DAD803C00EC71F4 /* BlurView.swift */,
				82A7F86F2DB8CEB900048BD7 /* UpdateView.swift */,
				82C51E2D2DAD6C7400EC71F4 /* ShareView.swift */,
				82126F0D2DAC3FCB0081983A /* ClearBackgroundView.swift */,
			);
			path = BaseView;
			sourceTree = "<group>";
		};
		825AE44B2DB19A5B0075B26B /* Base */ = {
			isa = PBXGroup;
			children = (
				82126EA32DAADA360081983A /* ButtonData.swift */,
				82126EA42DAADA360081983A /* MessageContent.swift */,
			);
			path = Base;
			sourceTree = "<group>";
		};
		825AE4582DB3A08E0075B26B /* Sound */ = {
			isa = PBXGroup;
			children = (
				820679C22DB687E400B8DEF6 /* money.m4a */,
				820679BA2DB6878E00B8DEF6 /* loose.wav */,
				820679BB2DB6878E00B8DEF6 /* menu.wav */,
				820679BD2DB6878E00B8DEF6 /* wone.wav */,
				820679C42DB68BD300B8DEF6 /* menuPlay.m4a */,
				820679C52DB68BD300B8DEF6 /* menuRegular.m4a */,
				825AE44E2DB3A0890075B26B /* background1.mp3 */,
				825AE44F2DB3A0890075B26B /* background2.mp3 */,
				825AE4502DB3A0890075B26B /* background3.mp3 */,
				825AE4512DB3A0890075B26B /* background4.mp3 */,
				825AE4522DB3A0890075B26B /* background5.mp3 */,
			);
			path = Sound;
			sourceTree = "<group>";
		};
		825AE4592DB3A0960075B26B /* Mics */ = {
			isa = PBXGroup;
			children = (
				825AE4582DB3A08E0075B26B /* Sound */,
			);
			path = Mics;
			sourceTree = "<group>";
		};
		82C290002D9EEDD100E6EC40 = {
			isa = PBXGroup;
			children = (
				82126EB82DAADA360081983A /* MonopolyGame */,
				82C2900A2D9EEDD100E6EC40 /* Products */,
			);
			sourceTree = "<group>";
		};
		82C2900A2D9EEDD100E6EC40 /* Products */ = {
			isa = PBXGroup;
			children = (
				82C290092D9EEDD100E6EC40 /* MonopolyGame.app */,
			);
			name = Products;
			sourceTree = "<group>";
		};
		82C51E2A2DAD6B5F00EC71F4 /* Service */ = {
			isa = PBXGroup;
			children = (
				82126EA72DAADA360081983A /* DataBase.swift */,
				82C51E2B2DAD6B7000EC71F4 /* StorekitModel.swift */,
				82126ED02DAB78550081983A /* NetworkModel.swift */,
				825AE44C2DB381E20075B26B /* AudioPlayerManager.swift */,
				82C51E2F2DAD7C1700EC71F4 /* GameCenterModel.swift */,
				82126F282DACD5EE0081983A /* FileManagerModel.swift */,
			);
			path = Service;
			sourceTree = "<group>";
		};
		82C51E5E2DAF885100EC71F4 /* CustomNodes */ = {
			isa = PBXGroup;
			children = (
				82C51E5D2DAF885100EC71F4 /* SuccessNode.swift */,
			);
			path = CustomNodes;
			sourceTree = "<group>";
		};
		82C51E612DAF885100EC71F4 /* SuccessSKScene */ = {
			isa = PBXGroup;
			children = (
				82C51E5E2DAF885100EC71F4 /* CustomNodes */,
				82C51E5F2DAF885100EC71F4 /* SuccessSKScene.sks */,
				82C51E602DAF885100EC71F4 /* SuccessSKScene.swift */,
			);
			path = SuccessSKScene;
			sourceTree = "<group>";
		};
/* End PBXGroup section */

/* Begin PBXNativeTarget section */
		82C290082D9EEDD100E6EC40 /* MonopolyGame */ = {
			isa = PBXNativeTarget;
			buildConfigurationList = 82C290152D9EEDD300E6EC40 /* Build configuration list for PBXNativeTarget "MonopolyGame" */;
			buildPhases = (
				82C290052D9EEDD100E6EC40 /* Sources */,
				82C290062D9EEDD100E6EC40 /* Frameworks */,
				82C290072D9EEDD100E6EC40 /* Resources */,
			);
			buildRules = (
			);
			dependencies = (
			);
			name = MonopolyGame;
			packageProductDependencies = (
			);
			productName = MonopolyGame;
			productReference = 82C290092D9EEDD100E6EC40 /* MonopolyGame.app */;
			productType = "com.apple.product-type.application";
		};
/* End PBXNativeTarget section */

/* Begin PBXProject section */
		82C290012D9EEDD100E6EC40 /* Project object */ = {
			isa = PBXProject;
			attributes = {
				BuildIndependentTargetsInParallel = 1;
				LastSwiftUpdateCheck = 1630;
				LastUpgradeCheck = 1630;
				TargetAttributes = {
					82C290082D9EEDD100E6EC40 = {
						CreatedOnToolsVersion = 16.3;
					};
				};
			};
			buildConfigurationList = 82C290042D9EEDD100E6EC40 /* Build configuration list for PBXProject "MonopolyGame" */;
			developmentRegion = en;
			hasScannedForEncodings = 0;
			knownRegions = (
				en,
				Base,
			);
			mainGroup = 82C290002D9EEDD100E6EC40;
			minimizedProjectReferenceProxies = 1;
			preferredProjectObjectVersion = 77;
			productRefGroup = 82C2900A2D9EEDD100E6EC40 /* Products */;
			projectDirPath = "";
			projectRoot = "";
			targets = (
				82C290082D9EEDD100E6EC40 /* MonopolyGame */,
			);
		};
/* End PBXProject section */

/* Begin PBXResourcesBuildPhase section */
		82C290072D9EEDD100E6EC40 /* Resources */ = {
			isa = PBXResourcesBuildPhase;
			buildActionMask = 2147483647;
			files = (
				825AE4532DB3A0890075B26B /* background2.mp3 in Resources */,
				825AE4542DB3A0890075B26B /* background1.mp3 in Resources */,
				820679BE2DB6878E00B8DEF6 /* wone.wav in Resources */,
				820679BF2DB6878E00B8DEF6 /* loose.wav in Resources */,
				820679C02DB6878E00B8DEF6 /* menu.wav in Resources */,
				820679C32DB687E400B8DEF6 /* money.m4a in Resources */,
				825AE4552DB3A0890075B26B /* background5.mp3 in Resources */,
				825AE4562DB3A0890075B26B /* background3.mp3 in Resources */,
				825AE4572DB3A0890075B26B /* background4.mp3 in Resources */,
				820679C62DB68BD300B8DEF6 /* menuPlay.m4a in Resources */,
				820679C72DB68BD300B8DEF6 /* menuRegular.m4a in Resources */,
				82C51E642DAF885100EC71F4 /* SuccessSKScene.sks in Resources */,
				82126EB92DAADA360081983A /* Assets.xcassets in Resources */,
			);
			runOnlyForDeploymentPostprocessing = 0;
		};
/* End PBXResourcesBuildPhase section */

/* Begin PBXSourcesBuildPhase section */
		82C290052D9EEDD100E6EC40 /* Sources */ = {
			isa = PBXSourcesBuildPhase;
			buildActionMask = 2147483647;
			files = (
				82126EBA2DAADA360081983A /* Codable+Decodable.swift in Sources */,
				82126F2D2DACDBBC0081983A /* Keys.swift in Sources */,
				82126EBB2DAADA360081983A /* String.swift in Sources */,
				82A7F86E2DB8CEA000048BD7 /* PrivacyPolicyView.swift in Sources */,
				82126EBC2DAADA360081983A /* ButtonData.swift in Sources */,
				82126F132DAC492D0081983A /* SoundSettingsView.swift in Sources */,
				82C51E322DAD803C00EC71F4 /* BlurView.swift in Sources */,
				82126EF72DABF5CB0081983A /* HomeViewModel.swift in Sources */,
				82C51E2E2DAD6C7400EC71F4 /* ShareView.swift in Sources */,
				82126EC92DAADA630081983A /* BoardPopoverView.swift in Sources */,
				82126EBD2DAADA360081983A /* MessageContent.swift in Sources */,
				82C51E622DAF885100EC71F4 /* SuccessNode.swift in Sources */,
				82C51E632DAF885100EC71F4 /* SuccessSKScene.swift in Sources */,
				82126F0E2DAC3FCB0081983A /* ClearBackgroundView.swift in Sources */,
				82126EBE2DAADA360081983A /* Step.swift in Sources */,
				820679A72DB6193C00B8DEF6 /* BetModel.swift in Sources */,
				820679A52DB6192600B8DEF6 /* Trade.swift in Sources */,
				82126EBF2DAADA360081983A /* DataBase.swift in Sources */,
				82126EC02DAADA360081983A /* PropertyListView.swift in Sources */,
				82126F112DAC48BC0081983A /* MenuView.swift in Sources */,
				82126F172DACC1F80081983A /* ProfileView.swift in Sources */,
				820679B92DB65D2F00B8DEF6 /* DiceSceneView.swift in Sources */,
				82126F2B2DACD7FA0081983A /* UIImage.swift in Sources */,
				82126ECF2DAB47A60081983A /* HomeView.swift in Sources */,
				82126ECB2DAB3C790081983A /* ImageView.swift in Sources */,
				825AE44D2DB381E30075B26B /* AudioPlayerManager.swift in Sources */,
				8228620C2DB50DFB005BB71D /* BoardCard.swift in Sources */,
				82126EF92DABF8710081983A /* TopNavigationView.swift in Sources */,
				82126EC12DAADA360081983A /* PropertyView.swift in Sources */,
				82126EFE2DABF8C60081983A /* AboutView.swift in Sources */,
				82126EC22DAADA360081983A /* GameView.swift in Sources */,
				82A7F8742DB8DC6300048BD7 /* SupportView.swift in Sources */,
				82C51E302DAD7C1700EC71F4 /* GameCenterModel.swift in Sources */,
				82126ED12DAB78550081983A /* NetworkModel.swift in Sources */,
				82126EC32DAADA360081983A /* BuyPopupContentView.swift in Sources */,
				82126F292DACD5EE0081983A /* FileManagerModel.swift in Sources */,
				82126F272DACC35F0081983A /* PhotoLibraryView.swift in Sources */,
				825AE44A2DB19A460075B26B /* PlayerStepModel.swift in Sources */,
				82126EC42DAADA360081983A /* PopupView.swift in Sources */,
				82126ED32DAB78690081983A /* NetworkResponse.swift in Sources */,
				82126F152DAC5B060081983A /* LeaderboardView.swift in Sources */,
				82126EC52DAADA360081983A /* TradePopupContentView.swift in Sources */,
				82A7F8702DB8CEB900048BD7 /* UpdateView.swift in Sources */,
				82126EC62DAADA360081983A /* GameViewModel.swift in Sources */,
				82126EC72DAADA360081983A /* MonopolyGameApp.swift in Sources */,
				82126EFC2DABF88F0081983A /* GameSettingsView.swift in Sources */,
				82C51E2C2DAD6B7000EC71F4 /* StorekitModel.swift in Sources */,
			);
			runOnlyForDeploymentPostprocessing = 0;
		};
/* End PBXSourcesBuildPhase section */

/* Begin XCBuildConfiguration section */
		82C290132D9EEDD300E6EC40 /* Debug */ = {
			isa = XCBuildConfiguration;
			buildSettings = {
				ALWAYS_SEARCH_USER_PATHS = NO;
				ASSETCATALOG_COMPILER_GENERATE_SWIFT_ASSET_SYMBOL_EXTENSIONS = YES;
				CLANG_ANALYZER_NONNULL = YES;
				CLANG_ANALYZER_NUMBER_OBJECT_CONVERSION = YES_AGGRESSIVE;
				CLANG_CXX_LANGUAGE_STANDARD = "gnu++20";
				CLANG_ENABLE_MODULES = YES;
				CLANG_ENABLE_OBJC_ARC = YES;
				CLANG_ENABLE_OBJC_WEAK = YES;
				CLANG_WARN_BLOCK_CAPTURE_AUTORELEASING = YES;
				CLANG_WARN_BOOL_CONVERSION = YES;
				CLANG_WARN_COMMA = YES;
				CLANG_WARN_CONSTANT_CONVERSION = YES;
				CLANG_WARN_DEPRECATED_OBJC_IMPLEMENTATIONS = YES;
				CLANG_WARN_DIRECT_OBJC_ISA_USAGE = YES_ERROR;
				CLANG_WARN_DOCUMENTATION_COMMENTS = YES;
				CLANG_WARN_EMPTY_BODY = YES;
				CLANG_WARN_ENUM_CONVERSION = YES;
				CLANG_WARN_INFINITE_RECURSION = YES;
				CLANG_WARN_INT_CONVERSION = YES;
				CLANG_WARN_NON_LITERAL_NULL_CONVERSION = YES;
				CLANG_WARN_OBJC_IMPLICIT_RETAIN_SELF = YES;
				CLANG_WARN_OBJC_LITERAL_CONVERSION = YES;
				CLANG_WARN_OBJC_ROOT_CLASS = YES_ERROR;
				CLANG_WARN_QUOTED_INCLUDE_IN_FRAMEWORK_HEADER = YES;
				CLANG_WARN_RANGE_LOOP_ANALYSIS = YES;
				CLANG_WARN_STRICT_PROTOTYPES = YES;
				CLANG_WARN_SUSPICIOUS_MOVE = YES;
				CLANG_WARN_UNGUARDED_AVAILABILITY = YES_AGGRESSIVE;
				CLANG_WARN_UNREACHABLE_CODE = YES;
				CLANG_WARN__DUPLICATE_METHOD_MATCH = YES;
				COPY_PHASE_STRIP = NO;
				DEBUG_INFORMATION_FORMAT = dwarf;
				DEVELOPMENT_TEAM = FQA2XH9ZUM;
				ENABLE_STRICT_OBJC_MSGSEND = YES;
				ENABLE_TESTABILITY = YES;
				ENABLE_USER_SCRIPT_SANDBOXING = YES;
				GCC_C_LANGUAGE_STANDARD = gnu17;
				GCC_DYNAMIC_NO_PIC = NO;
				GCC_NO_COMMON_BLOCKS = YES;
				GCC_OPTIMIZATION_LEVEL = 0;
				GCC_PREPROCESSOR_DEFINITIONS = (
					"DEBUG=1",
					"$(inherited)",
				);
				GCC_WARN_64_TO_32_BIT_CONVERSION = YES;
				GCC_WARN_ABOUT_RETURN_TYPE = YES_ERROR;
				GCC_WARN_UNDECLARED_SELECTOR = YES;
				GCC_WARN_UNINITIALIZED_AUTOS = YES_AGGRESSIVE;
				GCC_WARN_UNUSED_FUNCTION = YES;
				GCC_WARN_UNUSED_VARIABLE = YES;
				LOCALIZATION_PREFERS_STRING_CATALOGS = YES;
				MTL_ENABLE_DEBUG_INFO = INCLUDE_SOURCE;
				MTL_FAST_MATH = YES;
				ONLY_ACTIVE_ARCH = YES;
				SWIFT_ACTIVE_COMPILATION_CONDITIONS = "DEBUG $(inherited)";
				SWIFT_OPTIMIZATION_LEVEL = "-Onone";
			};
			name = Debug;
		};
		82C290142D9EEDD300E6EC40 /* Release */ = {
			isa = XCBuildConfiguration;
			buildSettings = {
				ALWAYS_SEARCH_USER_PATHS = NO;
				ASSETCATALOG_COMPILER_GENERATE_SWIFT_ASSET_SYMBOL_EXTENSIONS = YES;
				CLANG_ANALYZER_NONNULL = YES;
				CLANG_ANALYZER_NUMBER_OBJECT_CONVERSION = YES_AGGRESSIVE;
				CLANG_CXX_LANGUAGE_STANDARD = "gnu++20";
				CLANG_ENABLE_MODULES = YES;
				CLANG_ENABLE_OBJC_ARC = YES;
				CLANG_ENABLE_OBJC_WEAK = YES;
				CLANG_WARN_BLOCK_CAPTURE_AUTORELEASING = YES;
				CLANG_WARN_BOOL_CONVERSION = YES;
				CLANG_WARN_COMMA = YES;
				CLANG_WARN_CONSTANT_CONVERSION = YES;
				CLANG_WARN_DEPRECATED_OBJC_IMPLEMENTATIONS = YES;
				CLANG_WARN_DIRECT_OBJC_ISA_USAGE = YES_ERROR;
				CLANG_WARN_DOCUMENTATION_COMMENTS = YES;
				CLANG_WARN_EMPTY_BODY = YES;
				CLANG_WARN_ENUM_CONVERSION = YES;
				CLANG_WARN_INFINITE_RECURSION = YES;
				CLANG_WARN_INT_CONVERSION = YES;
				CLANG_WARN_NON_LITERAL_NULL_CONVERSION = YES;
				CLANG_WARN_OBJC_IMPLICIT_RETAIN_SELF = YES;
				CLANG_WARN_OBJC_LITERAL_CONVERSION = YES;
				CLANG_WARN_OBJC_ROOT_CLASS = YES_ERROR;
				CLANG_WARN_QUOTED_INCLUDE_IN_FRAMEWORK_HEADER = YES;
				CLANG_WARN_RANGE_LOOP_ANALYSIS = YES;
				CLANG_WARN_STRICT_PROTOTYPES = YES;
				CLANG_WARN_SUSPICIOUS_MOVE = YES;
				CLANG_WARN_UNGUARDED_AVAILABILITY = YES_AGGRESSIVE;
				CLANG_WARN_UNREACHABLE_CODE = YES;
				CLANG_WARN__DUPLICATE_METHOD_MATCH = YES;
				COPY_PHASE_STRIP = NO;
				DEBUG_INFORMATION_FORMAT = "dwarf-with-dsym";
				DEVELOPMENT_TEAM = FQA2XH9ZUM;
				ENABLE_NS_ASSERTIONS = NO;
				ENABLE_STRICT_OBJC_MSGSEND = YES;
				ENABLE_USER_SCRIPT_SANDBOXING = YES;
				GCC_C_LANGUAGE_STANDARD = gnu17;
				GCC_NO_COMMON_BLOCKS = YES;
				GCC_WARN_64_TO_32_BIT_CONVERSION = YES;
				GCC_WARN_ABOUT_RETURN_TYPE = YES_ERROR;
				GCC_WARN_UNDECLARED_SELECTOR = YES;
				GCC_WARN_UNINITIALIZED_AUTOS = YES_AGGRESSIVE;
				GCC_WARN_UNUSED_FUNCTION = YES;
				GCC_WARN_UNUSED_VARIABLE = YES;
				LOCALIZATION_PREFERS_STRING_CATALOGS = YES;
				MTL_ENABLE_DEBUG_INFO = NO;
				MTL_FAST_MATH = YES;
				SWIFT_COMPILATION_MODE = wholemodule;
			};
			name = Release;
		};
		82C290162D9EEDD300E6EC40 /* Debug */ = {
			isa = XCBuildConfiguration;
			buildSettings = {
				ASSETCATALOG_COMPILER_APPICON_NAME = AppIcon;
				ASSETCATALOG_COMPILER_GLOBAL_ACCENT_COLOR_NAME = AccentColor;
				CODE_SIGN_ENTITLEMENTS = MonopolyGame/MonopolyGame.entitlements;
				CODE_SIGN_STYLE = Automatic;
				CURRENT_PROJECT_VERSION = 5;
				DEVELOPMENT_TEAM = FQA2XH9ZUM;
				ENABLE_HARDENED_RUNTIME = YES;
				ENABLE_PREVIEWS = YES;
				GENERATE_INFOPLIST_FILE = YES;
				INFOPLIST_KEY_CFBundleDisplayName = MonoFusion;
				INFOPLIST_KEY_LSApplicationCategoryType = "public.app-category.board-games";
				INFOPLIST_KEY_NSCameraUsageDescription = "To set profile image, we need access to your camera";
				"INFOPLIST_KEY_UIApplicationSceneManifest_Generation[sdk=iphoneos*]" = YES;
				"INFOPLIST_KEY_UIApplicationSceneManifest_Generation[sdk=iphonesimulator*]" = YES;
				"INFOPLIST_KEY_UIApplicationSupportsIndirectInputEvents[sdk=iphoneos*]" = YES;
				"INFOPLIST_KEY_UIApplicationSupportsIndirectInputEvents[sdk=iphonesimulator*]" = YES;
				"INFOPLIST_KEY_UILaunchScreen_Generation[sdk=iphoneos*]" = YES;
				"INFOPLIST_KEY_UILaunchScreen_Generation[sdk=iphonesimulator*]" = YES;
				"INFOPLIST_KEY_UIStatusBarStyle[sdk=iphoneos*]" = UIStatusBarStyleDefault;
				"INFOPLIST_KEY_UIStatusBarStyle[sdk=iphonesimulator*]" = UIStatusBarStyleDefault;
				INFOPLIST_KEY_UISupportedInterfaceOrientations = UIInterfaceOrientationPortrait;
				INFOPLIST_KEY_UISupportedInterfaceOrientations_iPad = "UIInterfaceOrientationLandscapeLeft UIInterfaceOrientationLandscapeRight UIInterfaceOrientationPortrait UIInterfaceOrientationPortraitUpsideDown";
				IPHONEOS_DEPLOYMENT_TARGET = 15;
				LD_RUNPATH_SEARCH_PATHS = "@executable_path/Frameworks";
				"LD_RUNPATH_SEARCH_PATHS[sdk=macosx*]" = "@executable_path/../Frameworks";
				MACOSX_DEPLOYMENT_TARGET = 11.0;
				MARKETING_VERSION = 1.0;
				PRODUCT_BUNDLE_IDENTIFIER = com.dovhiy.MonopolyGame;
				PRODUCT_NAME = "$(TARGET_NAME)";
				REGISTER_APP_GROUPS = YES;
				SDKROOT = auto;
				SUPPORTED_PLATFORMS = "iphoneos iphonesimulator xros xrsimulator";
				SUPPORTS_MACCATALYST = NO;
				SUPPORTS_MAC_DESIGNED_FOR_IPHONE_IPAD = YES;
				SWIFT_EMIT_LOC_STRINGS = YES;
				SWIFT_VERSION = 5.0;
				TARGETED_DEVICE_FAMILY = "1,2,7";
				XROS_DEPLOYMENT_TARGET = 1.0;
			};
			name = Debug;
		};
		82C290172D9EEDD300E6EC40 /* Release */ = {
			isa = XCBuildConfiguration;
			buildSettings = {
				ASSETCATALOG_COMPILER_APPICON_NAME = AppIcon;
				ASSETCATALOG_COMPILER_GLOBAL_ACCENT_COLOR_NAME = AccentColor;
				CODE_SIGN_ENTITLEMENTS = MonopolyGame/MonopolyGame.entitlements;
				CODE_SIGN_STYLE = Automatic;
				CURRENT_PROJECT_VERSION = 5;
				DEVELOPMENT_TEAM = FQA2XH9ZUM;
				ENABLE_HARDENED_RUNTIME = YES;
				ENABLE_PREVIEWS = YES;
				GENERATE_INFOPLIST_FILE = YES;
				INFOPLIST_KEY_CFBundleDisplayName = MonoFusion;
				INFOPLIST_KEY_LSApplicationCategoryType = "public.app-category.board-games";
				INFOPLIST_KEY_NSCameraUsageDescription = "To set profile image, we need access to your camera";
				"INFOPLIST_KEY_UIApplicationSceneManifest_Generation[sdk=iphoneos*]" = YES;
				"INFOPLIST_KEY_UIApplicationSceneManifest_Generation[sdk=iphonesimulator*]" = YES;
				"INFOPLIST_KEY_UIApplicationSupportsIndirectInputEvents[sdk=iphoneos*]" = YES;
				"INFOPLIST_KEY_UIApplicationSupportsIndirectInputEvents[sdk=iphonesimulator*]" = YES;
				"INFOPLIST_KEY_UILaunchScreen_Generation[sdk=iphoneos*]" = YES;
				"INFOPLIST_KEY_UILaunchScreen_Generation[sdk=iphonesimulator*]" = YES;
				"INFOPLIST_KEY_UIStatusBarStyle[sdk=iphoneos*]" = UIStatusBarStyleDefault;
				"INFOPLIST_KEY_UIStatusBarStyle[sdk=iphonesimulator*]" = UIStatusBarStyleDefault;
				INFOPLIST_KEY_UISupportedInterfaceOrientations = UIInterfaceOrientationPortrait;
				INFOPLIST_KEY_UISupportedInterfaceOrientations_iPad = "UIInterfaceOrientationLandscapeLeft UIInterfaceOrientationLandscapeRight UIInterfaceOrientationPortrait UIInterfaceOrientationPortraitUpsideDown";
				IPHONEOS_DEPLOYMENT_TARGET = 15;
				LD_RUNPATH_SEARCH_PATHS = "@executable_path/Frameworks";
				"LD_RUNPATH_SEARCH_PATHS[sdk=macosx*]" = "@executable_path/../Frameworks";
				MACOSX_DEPLOYMENT_TARGET = 11.0;
				MARKETING_VERSION = 1.0;
				PRODUCT_BUNDLE_IDENTIFIER = com.dovhiy.MonopolyGame;
				PRODUCT_NAME = "$(TARGET_NAME)";
				REGISTER_APP_GROUPS = YES;
				SDKROOT = auto;
				SUPPORTED_PLATFORMS = "iphoneos iphonesimulator xros xrsimulator";
				SUPPORTS_MACCATALYST = NO;
				SUPPORTS_MAC_DESIGNED_FOR_IPHONE_IPAD = YES;
				SWIFT_EMIT_LOC_STRINGS = YES;
				SWIFT_VERSION = 5.0;
				TARGETED_DEVICE_FAMILY = "1,2,7";
				XROS_DEPLOYMENT_TARGET = 1.0;
			};
			name = Release;
		};
/* End XCBuildConfiguration section */

/* Begin XCConfigurationList section */
		82C290042D9EEDD100E6EC40 /* Build configuration list for PBXProject "MonopolyGame" */ = {
			isa = XCConfigurationList;
			buildConfigurations = (
				82C290132D9EEDD300E6EC40 /* Debug */,
				82C290142D9EEDD300E6EC40 /* Release */,
			);
			defaultConfigurationIsVisible = 0;
			defaultConfigurationName = Release;
		};
		82C290152D9EEDD300E6EC40 /* Build configuration list for PBXNativeTarget "MonopolyGame" */ = {
			isa = XCConfigurationList;
			buildConfigurations = (
				82C290162D9EEDD300E6EC40 /* Debug */,
				82C290172D9EEDD300E6EC40 /* Release */,
			);
			defaultConfigurationIsVisible = 0;
			defaultConfigurationName = Release;
		};
/* End XCConfigurationList section */
	};
	rootObject = 82C290012D9EEDD100E6EC40 /* Project object */;
}
