// !$*UTF8*$!
{
	archiveVersion = 1;
	classes = {
	};
	objectVersion = 77;
	objects = {

/* Begin PBXBuildFile section */
		82126EB92DAADA360081983A /* Assets.xcassets in Resources */ = {isa = PBXBuildFile; fileRef = 82126EB52DAADA360081983A /* Assets.xcassets */; };
		82126EBA2DAADA360081983A /* Codable+Decodable.swift in Sources */ = {isa = PBXBuildFile; fileRef = 82126EA02DAADA360081983A /* Codable+Decodable.swift */; };
		82126EBB2DAADA360081983A /* String.swift in Sources */ = {isa = PBXBuildFile; fileRef = 82126EA12DAADA360081983A /* String.swift */; };
		82126EBC2DAADA360081983A /* ButtonData.swift in Sources */ = {isa = PBXBuildFile; fileRef = 82126EA32DAADA360081983A /* ButtonData.swift */; };
		82126EBD2DAADA360081983A /* MessageContent.swift in Sources */ = {isa = PBXBuildFile; fileRef = 82126EA42DAADA360081983A /* MessageContent.swift */; };
		82126EBE2DAADA360081983A /* Step.swift in Sources */ = {isa = PBXBuildFile; fileRef = 82126EA52DAADA360081983A /* Step.swift */; };
		82126EBF2DAADA360081983A /* DataBase.swift in Sources */ = {isa = PBXBuildFile; fileRef = 82126EA72DAADA360081983A /* DataBase.swift */; };
		82126EC02DAADA360081983A /* PropertyListView.swift in Sources */ = {isa = PBXBuildFile; fileRef = 82126EA92DAADA360081983A /* PropertyListView.swift */; };
		82126EC12DAADA360081983A /* PropertyView.swift in Sources */ = {isa = PBXBuildFile; fileRef = 82126EAA2DAADA360081983A /* PropertyView.swift */; };
		82126EC22DAADA360081983A /* GameView.swift in Sources */ = {isa = PBXBuildFile; fileRef = 82126EAC2DAADA360081983A /* GameView.swift */; };
		82126EC32DAADA360081983A /* BuyPopupContentView.swift in Sources */ = {isa = PBXBuildFile; fileRef = 82126EAE2DAADA360081983A /* BuyPopupContentView.swift */; };
		82126EC42DAADA360081983A /* PopupView.swift in Sources */ = {isa = PBXBuildFile; fileRef = 82126EAF2DAADA360081983A /* PopupView.swift */; };
		82126EC52DAADA360081983A /* TradePopupContentView.swift in Sources */ = {isa = PBXBuildFile; fileRef = 82126EB02DAADA360081983A /* TradePopupContentView.swift */; };
		82126EC62DAADA360081983A /* GameViewModel.swift in Sources */ = {isa = PBXBuildFile; fileRef = 82126EB32DAADA360081983A /* GameViewModel.swift */; };
		82126EC72DAADA360081983A /* MonopolyGameApp.swift in Sources */ = {isa = PBXBuildFile; fileRef = 82126EB72DAADA360081983A /* MonopolyGameApp.swift */; };
		82126EC92DAADA630081983A /* BoardPopoverView.swift in Sources */ = {isa = PBXBuildFile; fileRef = 82126EC82DAADA630081983A /* BoardPopoverView.swift */; };
		82126ECB2DAB3C790081983A /* ImageView.swift in Sources */ = {isa = PBXBuildFile; fileRef = 82126ECA2DAB3C790081983A /* ImageView.swift */; };
		82126ECF2DAB47A60081983A /* HomeView.swift in Sources */ = {isa = PBXBuildFile; fileRef = 82126ECE2DAB47A60081983A /* HomeView.swift */; };
		82126ED12DAB78550081983A /* NetworkModel.swift in Sources */ = {isa = PBXBuildFile; fileRef = 82126ED02DAB78550081983A /* NetworkModel.swift */; };
		82126ED32DAB78690081983A /* NetworkResponse.swift in Sources */ = {isa = PBXBuildFile; fileRef = 82126ED22DAB78690081983A /* NetworkResponse.swift */; };
/* End PBXBuildFile section */

/* Begin PBXFileReference section */
		82126EA02DAADA360081983A /* Codable+Decodable.swift */ = {isa = PBXFileReference; lastKnownFileType = sourcecode.swift; path = "Codable+Decodable.swift"; sourceTree = "<group>"; };
		82126EA12DAADA360081983A /* String.swift */ = {isa = PBXFileReference; lastKnownFileType = sourcecode.swift; path = String.swift; sourceTree = "<group>"; };
		82126EA32DAADA360081983A /* ButtonData.swift */ = {isa = PBXFileReference; lastKnownFileType = sourcecode.swift; path = ButtonData.swift; sourceTree = "<group>"; };
		82126EA42DAADA360081983A /* MessageContent.swift */ = {isa = PBXFileReference; lastKnownFileType = sourcecode.swift; path = MessageContent.swift; sourceTree = "<group>"; };
		82126EA52DAADA360081983A /* Step.swift */ = {isa = PBXFileReference; lastKnownFileType = sourcecode.swift; path = Step.swift; sourceTree = "<group>"; };
		82126EA72DAADA360081983A /* DataBase.swift */ = {isa = PBXFileReference; lastKnownFileType = sourcecode.swift; path = DataBase.swift; sourceTree = "<group>"; };
		82126EA92DAADA360081983A /* PropertyListView.swift */ = {isa = PBXFileReference; lastKnownFileType = sourcecode.swift; path = PropertyListView.swift; sourceTree = "<group>"; };
		82126EAA2DAADA360081983A /* PropertyView.swift */ = {isa = PBXFileReference; lastKnownFileType = sourcecode.swift; path = PropertyView.swift; sourceTree = "<group>"; };
		82126EAC2DAADA360081983A /* GameView.swift */ = {isa = PBXFileReference; lastKnownFileType = sourcecode.swift; path = GameView.swift; sourceTree = "<group>"; };
		82126EAE2DAADA360081983A /* BuyPopupContentView.swift */ = {isa = PBXFileReference; lastKnownFileType = sourcecode.swift; path = BuyPopupContentView.swift; sourceTree = "<group>"; };
		82126EAF2DAADA360081983A /* PopupView.swift */ = {isa = PBXFileReference; lastKnownFileType = sourcecode.swift; path = PopupView.swift; sourceTree = "<group>"; };
		82126EB02DAADA360081983A /* TradePopupContentView.swift */ = {isa = PBXFileReference; lastKnownFileType = sourcecode.swift; path = TradePopupContentView.swift; sourceTree = "<group>"; };
		82126EB32DAADA360081983A /* GameViewModel.swift */ = {isa = PBXFileReference; lastKnownFileType = sourcecode.swift; path = GameViewModel.swift; sourceTree = "<group>"; };
		82126EB52DAADA360081983A /* Assets.xcassets */ = {isa = PBXFileReference; lastKnownFileType = folder.assetcatalog; path = Assets.xcassets; sourceTree = "<group>"; };
		82126EB62DAADA360081983A /* MonopolyGame.entitlements */ = {isa = PBXFileReference; lastKnownFileType = text.plist.entitlements; path = MonopolyGame.entitlements; sourceTree = "<group>"; };
		82126EB72DAADA360081983A /* MonopolyGameApp.swift */ = {isa = PBXFileReference; lastKnownFileType = sourcecode.swift; path = MonopolyGameApp.swift; sourceTree = "<group>"; };
		82126EC82DAADA630081983A /* BoardPopoverView.swift */ = {isa = PBXFileReference; lastKnownFileType = sourcecode.swift; path = BoardPopoverView.swift; sourceTree = "<group>"; };
		82126ECA2DAB3C790081983A /* ImageView.swift */ = {isa = PBXFileReference; lastKnownFileType = sourcecode.swift; path = ImageView.swift; sourceTree = "<group>"; };
		82126ECE2DAB47A60081983A /* HomeView.swift */ = {isa = PBXFileReference; lastKnownFileType = sourcecode.swift; path = HomeView.swift; sourceTree = "<group>"; };
		82126ED02DAB78550081983A /* NetworkModel.swift */ = {isa = PBXFileReference; lastKnownFileType = sourcecode.swift; path = NetworkModel.swift; sourceTree = "<group>"; };
		82126ED22DAB78690081983A /* NetworkResponse.swift */ = {isa = PBXFileReference; lastKnownFileType = sourcecode.swift; path = NetworkResponse.swift; sourceTree = "<group>"; };
		82C290092D9EEDD100E6EC40 /* MonopolyGame.app */ = {isa = PBXFileReference; explicitFileType = wrapper.application; includeInIndex = 0; path = MonopolyGame.app; sourceTree = BUILT_PRODUCTS_DIR; };
/* End PBXFileReference section */

/* Begin PBXFrameworksBuildPhase section */
		82C290062D9EEDD100E6EC40 /* Frameworks */ = {
			isa = PBXFrameworksBuildPhase;
			buildActionMask = 2147483647;
			files = (
			);
			runOnlyForDeploymentPostprocessing = 0;
		};
/* End PBXFrameworksBuildPhase section */

/* Begin PBXGroup section */
		82126EA22DAADA360081983A /* Extension */ = {
			isa = PBXGroup;
			children = (
				82126EA02DAADA360081983A /* Codable+Decodable.swift */,
				82126EA12DAADA360081983A /* String.swift */,
			);
			path = Extension;
			sourceTree = "<group>";
		};
		82126EA62DAADA360081983A /* DataModel */ = {
			isa = PBXGroup;
			children = (
				82126EA32DAADA360081983A /* ButtonData.swift */,
				82126EA42DAADA360081983A /* MessageContent.swift */,
				82126EA52DAADA360081983A /* Step.swift */,
				82126ED22DAB78690081983A /* NetworkResponse.swift */,
			);
			path = DataModel;
			sourceTree = "<group>";
		};
		82126EA82DAADA360081983A /* Model */ = {
			isa = PBXGroup;
			children = (
				82126EA62DAADA360081983A /* DataModel */,
				82126EA72DAADA360081983A /* DataBase.swift */,
				82126ED02DAB78550081983A /* NetworkModel.swift */,
			);
			path = Model;
			sourceTree = "<group>";
		};
		82126EAB2DAADA360081983A /* ComponentView */ = {
			isa = PBXGroup;
			children = (
				82126EA92DAADA360081983A /* PropertyListView.swift */,
				82126ECA2DAB3C790081983A /* ImageView.swift */,
				82126EAA2DAADA360081983A /* PropertyView.swift */,
			);
			path = ComponentView;
			sourceTree = "<group>";
		};
		82126EAD2DAADA360081983A /* GameView */ = {
			isa = PBXGroup;
			children = (
				82126EAC2DAADA360081983A /* GameView.swift */,
				82126EC82DAADA630081983A /* BoardPopoverView.swift */,
			);
			path = GameView;
			sourceTree = "<group>";
		};
		82126EB12DAADA360081983A /* PopupView */ = {
			isa = PBXGroup;
			children = (
				82126EAE2DAADA360081983A /* BuyPopupContentView.swift */,
				82126EAF2DAADA360081983A /* PopupView.swift */,
				82126EB02DAADA360081983A /* TradePopupContentView.swift */,
			);
			path = PopupView;
			sourceTree = "<group>";
		};
		82126EB22DAADA360081983A /* View */ = {
			isa = PBXGroup;
			children = (
				82126ECE2DAB47A60081983A /* HomeView.swift */,
				82126EAD2DAADA360081983A /* GameView */,
				82126EAB2DAADA360081983A /* ComponentView */,
				82126EB12DAADA360081983A /* PopupView */,
			);
			path = View;
			sourceTree = "<group>";
		};
		82126EB42DAADA360081983A /* ViewModel */ = {
			isa = PBXGroup;
			children = (
				82126EB32DAADA360081983A /* GameViewModel.swift */,
			);
			path = ViewModel;
			sourceTree = "<group>";
		};
		82126EB82DAADA360081983A /* MonopolyGame */ = {
			isa = PBXGroup;
			children = (
				82126EA22DAADA360081983A /* Extension */,
				82126EA82DAADA360081983A /* Model */,
				82126EB22DAADA360081983A /* View */,
				82126EB42DAADA360081983A /* ViewModel */,
				82126EB52DAADA360081983A /* Assets.xcassets */,
				82126EB62DAADA360081983A /* MonopolyGame.entitlements */,
				82126EB72DAADA360081983A /* MonopolyGameApp.swift */,
			);
			path = MonopolyGame;
			sourceTree = "<group>";
		};
		82C290002D9EEDD100E6EC40 = {
			isa = PBXGroup;
			children = (
				82126EB82DAADA360081983A /* MonopolyGame */,
				82C2900A2D9EEDD100E6EC40 /* Products */,
			);
			sourceTree = "<group>";
		};
		82C2900A2D9EEDD100E6EC40 /* Products */ = {
			isa = PBXGroup;
			children = (
				82C290092D9EEDD100E6EC40 /* MonopolyGame.app */,
			);
			name = Products;
			sourceTree = "<group>";
		};
/* End PBXGroup section */

/* Begin PBXNativeTarget section */
		82C290082D9EEDD100E6EC40 /* MonopolyGame */ = {
			isa = PBXNativeTarget;
			buildConfigurationList = 82C290152D9EEDD300E6EC40 /* Build configuration list for PBXNativeTarget "MonopolyGame" */;
			buildPhases = (
				82C290052D9EEDD100E6EC40 /* Sources */,
				82C290062D9EEDD100E6EC40 /* Frameworks */,
				82C290072D9EEDD100E6EC40 /* Resources */,
			);
			buildRules = (
			);
			dependencies = (
			);
			name = MonopolyGame;
			packageProductDependencies = (
			);
			productName = MonopolyGame;
			productReference = 82C290092D9EEDD100E6EC40 /* MonopolyGame.app */;
			productType = "com.apple.product-type.application";
		};
/* End PBXNativeTarget section */

/* Begin PBXProject section */
		82C290012D9EEDD100E6EC40 /* Project object */ = {
			isa = PBXProject;
			attributes = {
				BuildIndependentTargetsInParallel = 1;
				LastSwiftUpdateCheck = 1630;
				LastUpgradeCheck = 1630;
				TargetAttributes = {
					82C290082D9EEDD100E6EC40 = {
						CreatedOnToolsVersion = 16.3;
					};
				};
			};
			buildConfigurationList = 82C290042D9EEDD100E6EC40 /* Build configuration list for PBXProject "MonopolyGame" */;
			developmentRegion = en;
			hasScannedForEncodings = 0;
			knownRegions = (
				en,
				Base,
			);
			mainGroup = 82C290002D9EEDD100E6EC40;
			minimizedProjectReferenceProxies = 1;
			preferredProjectObjectVersion = 77;
			productRefGroup = 82C2900A2D9EEDD100E6EC40 /* Products */;
			projectDirPath = "";
			projectRoot = "";
			targets = (
				82C290082D9EEDD100E6EC40 /* MonopolyGame */,
			);
		};
/* End PBXProject section */

/* Begin PBXResourcesBuildPhase section */
		82C290072D9EEDD100E6EC40 /* Resources */ = {
			isa = PBXResourcesBuildPhase;
			buildActionMask = 2147483647;
			files = (
				82126EB92DAADA360081983A /* Assets.xcassets in Resources */,
			);
			runOnlyForDeploymentPostprocessing = 0;
		};
/* End PBXResourcesBuildPhase section */

/* Begin PBXSourcesBuildPhase section */
		82C290052D9EEDD100E6EC40 /* Sources */ = {
			isa = PBXSourcesBuildPhase;
			buildActionMask = 2147483647;
			files = (
				82126EBA2DAADA360081983A /* Codable+Decodable.swift in Sources */,
				82126EBB2DAADA360081983A /* String.swift in Sources */,
				82126EBC2DAADA360081983A /* ButtonData.swift in Sources */,
				82126EC92DAADA630081983A /* BoardPopoverView.swift in Sources */,
				82126EBD2DAADA360081983A /* MessageContent.swift in Sources */,
				82126EBE2DAADA360081983A /* Step.swift in Sources */,
				82126EBF2DAADA360081983A /* DataBase.swift in Sources */,
				82126EC02DAADA360081983A /* PropertyListView.swift in Sources */,
				82126ECF2DAB47A60081983A /* HomeView.swift in Sources */,
				82126ECB2DAB3C790081983A /* ImageView.swift in Sources */,
				82126EC12DAADA360081983A /* PropertyView.swift in Sources */,
				82126EC22DAADA360081983A /* GameView.swift in Sources */,
				82126ED12DAB78550081983A /* NetworkModel.swift in Sources */,
				82126EC32DAADA360081983A /* BuyPopupContentView.swift in Sources */,
				82126EC42DAADA360081983A /* PopupView.swift in Sources */,
				82126ED32DAB78690081983A /* NetworkResponse.swift in Sources */,
				82126EC52DAADA360081983A /* TradePopupContentView.swift in Sources */,
				82126EC62DAADA360081983A /* GameViewModel.swift in Sources */,
				82126EC72DAADA360081983A /* MonopolyGameApp.swift in Sources */,
			);
			runOnlyForDeploymentPostprocessing = 0;
		};
/* End PBXSourcesBuildPhase section */

/* Begin XCBuildConfiguration section */
		82C290132D9EEDD300E6EC40 /* Debug */ = {
			isa = XCBuildConfiguration;
			buildSettings = {
				ALWAYS_SEARCH_USER_PATHS = NO;
				ASSETCATALOG_COMPILER_GENERATE_SWIFT_ASSET_SYMBOL_EXTENSIONS = YES;
				CLANG_ANALYZER_NONNULL = YES;
				CLANG_ANALYZER_NUMBER_OBJECT_CONVERSION = YES_AGGRESSIVE;
				CLANG_CXX_LANGUAGE_STANDARD = "gnu++20";
				CLANG_ENABLE_MODULES = YES;
				CLANG_ENABLE_OBJC_ARC = YES;
				CLANG_ENABLE_OBJC_WEAK = YES;
				CLANG_WARN_BLOCK_CAPTURE_AUTORELEASING = YES;
				CLANG_WARN_BOOL_CONVERSION = YES;
				CLANG_WARN_COMMA = YES;
				CLANG_WARN_CONSTANT_CONVERSION = YES;
				CLANG_WARN_DEPRECATED_OBJC_IMPLEMENTATIONS = YES;
				CLANG_WARN_DIRECT_OBJC_ISA_USAGE = YES_ERROR;
				CLANG_WARN_DOCUMENTATION_COMMENTS = YES;
				CLANG_WARN_EMPTY_BODY = YES;
				CLANG_WARN_ENUM_CONVERSION = YES;
				CLANG_WARN_INFINITE_RECURSION = YES;
				CLANG_WARN_INT_CONVERSION = YES;
				CLANG_WARN_NON_LITERAL_NULL_CONVERSION = YES;
				CLANG_WARN_OBJC_IMPLICIT_RETAIN_SELF = YES;
				CLANG_WARN_OBJC_LITERAL_CONVERSION = YES;
				CLANG_WARN_OBJC_ROOT_CLASS = YES_ERROR;
				CLANG_WARN_QUOTED_INCLUDE_IN_FRAMEWORK_HEADER = YES;
				CLANG_WARN_RANGE_LOOP_ANALYSIS = YES;
				CLANG_WARN_STRICT_PROTOTYPES = YES;
				CLANG_WARN_SUSPICIOUS_MOVE = YES;
				CLANG_WARN_UNGUARDED_AVAILABILITY = YES_AGGRESSIVE;
				CLANG_WARN_UNREACHABLE_CODE = YES;
				CLANG_WARN__DUPLICATE_METHOD_MATCH = YES;
				COPY_PHASE_STRIP = NO;
				DEBUG_INFORMATION_FORMAT = dwarf;
				DEVELOPMENT_TEAM = FQA2XH9ZUM;
				ENABLE_STRICT_OBJC_MSGSEND = YES;
				ENABLE_TESTABILITY = YES;
				ENABLE_USER_SCRIPT_SANDBOXING = YES;
				GCC_C_LANGUAGE_STANDARD = gnu17;
				GCC_DYNAMIC_NO_PIC = NO;
				GCC_NO_COMMON_BLOCKS = YES;
				GCC_OPTIMIZATION_LEVEL = 0;
				GCC_PREPROCESSOR_DEFINITIONS = (
					"DEBUG=1",
					"$(inherited)",
				);
				GCC_WARN_64_TO_32_BIT_CONVERSION = YES;
				GCC_WARN_ABOUT_RETURN_TYPE = YES_ERROR;
				GCC_WARN_UNDECLARED_SELECTOR = YES;
				GCC_WARN_UNINITIALIZED_AUTOS = YES_AGGRESSIVE;
				GCC_WARN_UNUSED_FUNCTION = YES;
				GCC_WARN_UNUSED_VARIABLE = YES;
				LOCALIZATION_PREFERS_STRING_CATALOGS = YES;
				MTL_ENABLE_DEBUG_INFO = INCLUDE_SOURCE;
				MTL_FAST_MATH = YES;
				ONLY_ACTIVE_ARCH = YES;
				SWIFT_ACTIVE_COMPILATION_CONDITIONS = "DEBUG $(inherited)";
				SWIFT_OPTIMIZATION_LEVEL = "-Onone";
			};
			name = Debug;
		};
		82C290142D9EEDD300E6EC40 /* Release */ = {
			isa = XCBuildConfiguration;
			buildSettings = {
				ALWAYS_SEARCH_USER_PATHS = NO;
				ASSETCATALOG_COMPILER_GENERATE_SWIFT_ASSET_SYMBOL_EXTENSIONS = YES;
				CLANG_ANALYZER_NONNULL = YES;
				CLANG_ANALYZER_NUMBER_OBJECT_CONVERSION = YES_AGGRESSIVE;
				CLANG_CXX_LANGUAGE_STANDARD = "gnu++20";
				CLANG_ENABLE_MODULES = YES;
				CLANG_ENABLE_OBJC_ARC = YES;
				CLANG_ENABLE_OBJC_WEAK = YES;
				CLANG_WARN_BLOCK_CAPTURE_AUTORELEASING = YES;
				CLANG_WARN_BOOL_CONVERSION = YES;
				CLANG_WARN_COMMA = YES;
				CLANG_WARN_CONSTANT_CONVERSION = YES;
				CLANG_WARN_DEPRECATED_OBJC_IMPLEMENTATIONS = YES;
				CLANG_WARN_DIRECT_OBJC_ISA_USAGE = YES_ERROR;
				CLANG_WARN_DOCUMENTATION_COMMENTS = YES;
				CLANG_WARN_EMPTY_BODY = YES;
				CLANG_WARN_ENUM_CONVERSION = YES;
				CLANG_WARN_INFINITE_RECURSION = YES;
				CLANG_WARN_INT_CONVERSION = YES;
				CLANG_WARN_NON_LITERAL_NULL_CONVERSION = YES;
				CLANG_WARN_OBJC_IMPLICIT_RETAIN_SELF = YES;
				CLANG_WARN_OBJC_LITERAL_CONVERSION = YES;
				CLANG_WARN_OBJC_ROOT_CLASS = YES_ERROR;
				CLANG_WARN_QUOTED_INCLUDE_IN_FRAMEWORK_HEADER = YES;
				CLANG_WARN_RANGE_LOOP_ANALYSIS = YES;
				CLANG_WARN_STRICT_PROTOTYPES = YES;
				CLANG_WARN_SUSPICIOUS_MOVE = YES;
				CLANG_WARN_UNGUARDED_AVAILABILITY = YES_AGGRESSIVE;
				CLANG_WARN_UNREACHABLE_CODE = YES;
				CLANG_WARN__DUPLICATE_METHOD_MATCH = YES;
				COPY_PHASE_STRIP = NO;
				DEBUG_INFORMATION_FORMAT = "dwarf-with-dsym";
				DEVELOPMENT_TEAM = FQA2XH9ZUM;
				ENABLE_NS_ASSERTIONS = NO;
				ENABLE_STRICT_OBJC_MSGSEND = YES;
				ENABLE_USER_SCRIPT_SANDBOXING = YES;
				GCC_C_LANGUAGE_STANDARD = gnu17;
				GCC_NO_COMMON_BLOCKS = YES;
				GCC_WARN_64_TO_32_BIT_CONVERSION = YES;
				GCC_WARN_ABOUT_RETURN_TYPE = YES_ERROR;
				GCC_WARN_UNDECLARED_SELECTOR = YES;
				GCC_WARN_UNINITIALIZED_AUTOS = YES_AGGRESSIVE;
				GCC_WARN_UNUSED_FUNCTION = YES;
				GCC_WARN_UNUSED_VARIABLE = YES;
				LOCALIZATION_PREFERS_STRING_CATALOGS = YES;
				MTL_ENABLE_DEBUG_INFO = NO;
				MTL_FAST_MATH = YES;
				SWIFT_COMPILATION_MODE = wholemodule;
			};
			name = Release;
		};
		82C290162D9EEDD300E6EC40 /* Debug */ = {
			isa = XCBuildConfiguration;
			buildSettings = {
				ASSETCATALOG_COMPILER_APPICON_NAME = AppIcon;
				ASSETCATALOG_COMPILER_GLOBAL_ACCENT_COLOR_NAME = AccentColor;
				CODE_SIGN_ENTITLEMENTS = MonopolyGame/MonopolyGame.entitlements;
				CODE_SIGN_STYLE = Automatic;
				CURRENT_PROJECT_VERSION = 1;
				DEVELOPMENT_TEAM = FQA2XH9ZUM;
				ENABLE_HARDENED_RUNTIME = YES;
				ENABLE_PREVIEWS = YES;
				GENERATE_INFOPLIST_FILE = YES;
				INFOPLIST_KEY_LSApplicationCategoryType = "public.app-category.board-games";
				"INFOPLIST_KEY_UIApplicationSceneManifest_Generation[sdk=iphoneos*]" = YES;
				"INFOPLIST_KEY_UIApplicationSceneManifest_Generation[sdk=iphonesimulator*]" = YES;
				"INFOPLIST_KEY_UIApplicationSupportsIndirectInputEvents[sdk=iphoneos*]" = YES;
				"INFOPLIST_KEY_UIApplicationSupportsIndirectInputEvents[sdk=iphonesimulator*]" = YES;
				"INFOPLIST_KEY_UILaunchScreen_Generation[sdk=iphoneos*]" = YES;
				"INFOPLIST_KEY_UILaunchScreen_Generation[sdk=iphonesimulator*]" = YES;
				"INFOPLIST_KEY_UIStatusBarStyle[sdk=iphoneos*]" = UIStatusBarStyleDefault;
				"INFOPLIST_KEY_UIStatusBarStyle[sdk=iphonesimulator*]" = UIStatusBarStyleDefault;
				INFOPLIST_KEY_UISupportedInterfaceOrientations = UIInterfaceOrientationPortrait;
				INFOPLIST_KEY_UISupportedInterfaceOrientations_iPad = "UIInterfaceOrientationLandscapeLeft UIInterfaceOrientationLandscapeRight UIInterfaceOrientationPortrait UIInterfaceOrientationPortraitUpsideDown";
				IPHONEOS_DEPLOYMENT_TARGET = 15;
				LD_RUNPATH_SEARCH_PATHS = "@executable_path/Frameworks";
				"LD_RUNPATH_SEARCH_PATHS[sdk=macosx*]" = "@executable_path/../Frameworks";
				MACOSX_DEPLOYMENT_TARGET = 11.0;
				MARKETING_VERSION = 1.0;
				PRODUCT_BUNDLE_IDENTIFIER = com.dovhiy.MonopolyGame;
				PRODUCT_NAME = "$(TARGET_NAME)";
				REGISTER_APP_GROUPS = YES;
				SDKROOT = auto;
				SUPPORTED_PLATFORMS = "iphoneos iphonesimulator macosx xros xrsimulator";
				SUPPORTS_MACCATALYST = NO;
				SWIFT_EMIT_LOC_STRINGS = YES;
				SWIFT_VERSION = 5.0;
				TARGETED_DEVICE_FAMILY = "1,2,7";
				XROS_DEPLOYMENT_TARGET = 1.0;
			};
			name = Debug;
		};
		82C290172D9EEDD300E6EC40 /* Release */ = {
			isa = XCBuildConfiguration;
			buildSettings = {
				ASSETCATALOG_COMPILER_APPICON_NAME = AppIcon;
				ASSETCATALOG_COMPILER_GLOBAL_ACCENT_COLOR_NAME = AccentColor;
				CODE_SIGN_ENTITLEMENTS = MonopolyGame/MonopolyGame.entitlements;
				CODE_SIGN_STYLE = Automatic;
				CURRENT_PROJECT_VERSION = 1;
				DEVELOPMENT_TEAM = FQA2XH9ZUM;
				ENABLE_HARDENED_RUNTIME = YES;
				ENABLE_PREVIEWS = YES;
				GENERATE_INFOPLIST_FILE = YES;
				INFOPLIST_KEY_LSApplicationCategoryType = "public.app-category.board-games";
				"INFOPLIST_KEY_UIApplicationSceneManifest_Generation[sdk=iphoneos*]" = YES;
				"INFOPLIST_KEY_UIApplicationSceneManifest_Generation[sdk=iphonesimulator*]" = YES;
				"INFOPLIST_KEY_UIApplicationSupportsIndirectInputEvents[sdk=iphoneos*]" = YES;
				"INFOPLIST_KEY_UIApplicationSupportsIndirectInputEvents[sdk=iphonesimulator*]" = YES;
				"INFOPLIST_KEY_UILaunchScreen_Generation[sdk=iphoneos*]" = YES;
				"INFOPLIST_KEY_UILaunchScreen_Generation[sdk=iphonesimulator*]" = YES;
				"INFOPLIST_KEY_UIStatusBarStyle[sdk=iphoneos*]" = UIStatusBarStyleDefault;
				"INFOPLIST_KEY_UIStatusBarStyle[sdk=iphonesimulator*]" = UIStatusBarStyleDefault;
				INFOPLIST_KEY_UISupportedInterfaceOrientations = UIInterfaceOrientationPortrait;
				INFOPLIST_KEY_UISupportedInterfaceOrientations_iPad = "UIInterfaceOrientationLandscapeLeft UIInterfaceOrientationLandscapeRight UIInterfaceOrientationPortrait UIInterfaceOrientationPortraitUpsideDown";
				IPHONEOS_DEPLOYMENT_TARGET = 15;
				LD_RUNPATH_SEARCH_PATHS = "@executable_path/Frameworks";
				"LD_RUNPATH_SEARCH_PATHS[sdk=macosx*]" = "@executable_path/../Frameworks";
				MACOSX_DEPLOYMENT_TARGET = 11.0;
				MARKETING_VERSION = 1.0;
				PRODUCT_BUNDLE_IDENTIFIER = com.dovhiy.MonopolyGame;
				PRODUCT_NAME = "$(TARGET_NAME)";
				REGISTER_APP_GROUPS = YES;
				SDKROOT = auto;
				SUPPORTED_PLATFORMS = "iphoneos iphonesimulator macosx xros xrsimulator";
				SUPPORTS_MACCATALYST = NO;
				SWIFT_EMIT_LOC_STRINGS = YES;
				SWIFT_VERSION = 5.0;
				TARGETED_DEVICE_FAMILY = "1,2,7";
				XROS_DEPLOYMENT_TARGET = 1.0;
			};
			name = Release;
		};
/* End XCBuildConfiguration section */

/* Begin XCConfigurationList section */
		82C290042D9EEDD100E6EC40 /* Build configuration list for PBXProject "MonopolyGame" */ = {
			isa = XCConfigurationList;
			buildConfigurations = (
				82C290132D9EEDD300E6EC40 /* Debug */,
				82C290142D9EEDD300E6EC40 /* Release */,
			);
			defaultConfigurationIsVisible = 0;
			defaultConfigurationName = Release;
		};
		82C290152D9EEDD300E6EC40 /* Build configuration list for PBXNativeTarget "MonopolyGame" */ = {
			isa = XCConfigurationList;
			buildConfigurations = (
				82C290162D9EEDD300E6EC40 /* Debug */,
				82C290172D9EEDD300E6EC40 /* Release */,
			);
			defaultConfigurationIsVisible = 0;
			defaultConfigurationName = Release;
		};
/* End XCConfigurationList section */
	};
	rootObject = 82C290012D9EEDD100E6EC40 /* Project object */;
}
